
Microsoft Visual Studio Solution File, Format Version 12.00
# Visual Studio 15
VisualStudioVersion = 15.0.28010.2016
MinimumVisualStudioVersion = 10.0.40219.1
Project("{FAE04EC0-301F-11D3-BF4B-00C04F79EFBC}") = "go-rent", "go-rent\go-rent.csproj", "{395711CE-0E39-4E0A-BD41-5258076E39D3}"
EndProject
Global
	GlobalSection(SolutionConfigurationPlatforms) = preSolution
		Debug|Any CPU = Debug|Any CPU
		Release|Any CPU = Release|Any CPU
	EndGlobalSection
	GlobalSection(ProjectConfigurationPlatforms) = postSolution
		{395711CE-0E39-4E0A-BD41-5258076E39D3}.Debug|Any CPU.ActiveCfg = Debug|Any CPU
		{395711CE-0E39-4E0A-BD41-5258076E39D3}.Debug|Any CPU.Build.0 = Debug|Any CPU
		{395711CE-0E39-4E0A-BD41-5258076E39D3}.Release|Any CPU.ActiveCfg = Release|Any CPU
		{395711CE-0E39-4E0A-BD41-5258076E39D3}.Release|Any CPU.Build.0 = Release|Any CPU
	EndGlobalSection
	GlobalSection(SolutionProperties) = preSolution
		HideSolutionNode = FALSE
	EndGlobalSection
	GlobalSection(ExtensibilityGlobals) = postSolution
		SolutionGuid = {E0F848FB-F556-4C18-A039-3A9DEE088EF0}
	EndGlobalSection
EndGlobal
